// !$*UTF8*$!
{
	archiveVersion = 1;
	classes = {
	};
	objectVersion = 46;
	objects = {

/* Begin PBXBuildFile section */
		A1D56BAF1C984A92003E2966 /* AppDelegate.swift in Sources */ = {isa = PBXBuildFile; fileRef = A1D56BAE1C984A92003E2966 /* AppDelegate.swift */; };
		A1D56BB11C984A92003E2966 /* ViewController.swift in Sources */ = {isa = PBXBuildFile; fileRef = A1D56BB01C984A92003E2966 /* ViewController.swift */; };
		A1D56BB41C984A92003E2966 /* Main.storyboard in Resources */ = {isa = PBXBuildFile; fileRef = A1D56BB21C984A92003E2966 /* Main.storyboard */; };
		A1D56BB61C984A92003E2966 /* Assets.xcassets in Resources */ = {isa = PBXBuildFile; fileRef = A1D56BB51C984A92003E2966 /* Assets.xcassets */; };
		A1D56BB91C984A92003E2966 /* LaunchScreen.storyboard in Resources */ = {isa = PBXBuildFile; fileRef = A1D56BB71C984A92003E2966 /* LaunchScreen.storyboard */; };
/* End PBXBuildFile section */

/* Begin PBXFileReference section */
		A1D56BAB1C984A92003E2966 /* day6b.app */ = {isa = PBXFileReference; explicitFileType = wrapper.application; includeInIndex = 0; path = day6b.app; sourceTree = BUILT_PRODUCTS_DIR; };
		A1D56BAE1C984A92003E2966 /* AppDelegate.swift */ = {isa = PBXFileReference; lastKnownFileType = sourcecode.swift; path = AppDelegate.swift; sourceTree = "<group>"; };
		A1D56BB01C984A92003E2966 /* ViewController.swift */ = {isa = PBXFileReference; lastKnownFileType = sourcecode.swift; path = ViewController.swift; sourceTree = "<group>"; };
		A1D56BB31C984A92003E2966 /* Base */ = {isa = PBXFileReference; lastKnownFileType = file.storyboard; name = Base; path = Base.lproj/Main.storyboard; sourceTree = "<group>"; };
		A1D56BB51C984A92003E2966 /* Assets.xcassets */ = {isa = PBXFileReference; lastKnownFileType = folder.assetcatalog; path = Assets.xcassets; sourceTree = "<group>"; };
		A1D56BB81C984A92003E2966 /* Base */ = {isa = PBXFileReference; lastKnownFileType = file.storyboard; name = Base; path = Base.lproj/LaunchScreen.storyboard; sourceTree = "<group>"; };
		A1D56BBA1C984A92003E2966 /* Info.plist */ = {isa = PBXFileReference; lastKnownFileType = text.plist.xml; path = Info.plist; sourceTree = "<group>"; };
/* End PBXFileReference section */

/* Begin PBXFrameworksBuildPhase section */
		A1D56BA81C984A92003E2966 /* Frameworks */ = {
			isa = PBXFrameworksBuildPhase;
			buildActionMask = 2147483647;
			files = (
			);
			runOnlyForDeploymentPostprocessing = 0;
		};
/* End PBXFrameworksBuildPhase section */

/* Begin PBXGroup section */
		A1D56BA21C984A92003E2966 = {
			isa = PBXGroup;
			children = (
				A1D56BAD1C984A92003E2966 /* day6b */,
				A1D56BAC1C984A92003E2966 /* Products */,
			);
			sourceTree = "<group>";
		};
		A1D56BAC1C984A92003E2966 /* Products */ = {
			isa = PBXGroup;
			children = (
				A1D56BAB1C984A92003E2966 /* day6b.app */,
			);
			name = Products;
			sourceTree = "<group>";
		};
		A1D56BAD1C984A92003E2966 /* day6b */ = {
			isa = PBXGroup;
			children = (
				A1D56BAE1C984A92003E2966 /* AppDelegate.swift */,
				A1D56BB01C984A92003E2966 /* ViewController.swift */,
				A1D56BB21C984A92003E2966 /* Main.storyboard */,
				A1D56BB51C984A92003E2966 /* Assets.xcassets */,
				A1D56BB71C984A92003E2966 /* LaunchScreen.storyboard */,
				A1D56BBA1C984A92003E2966 /* Info.plist */,
			);
			path = day6b;
			sourceTree = "<group>";
		};
/* End PBXGroup section */

/* Begin PBXNativeTarget section */
		A1D56BAA1C984A92003E2966 /* day6b */ = {
			isa = PBXNativeTarget;
			buildConfigurationList = A1D56BBD1C984A92003E2966 /* Build configuration list for PBXNativeTarget "day6b" */;
			buildPhases = (
				A1D56BA71C984A92003E2966 /* Sources */,
				A1D56BA81C984A92003E2966 /* Frameworks */,
				A1D56BA91C984A92003E2966 /* Resources */,
			);
			buildRules = (
			);
			dependencies = (
			);
			name = day6b;
			productName = day6b;
			productReference = A1D56BAB1C984A92003E2966 /* day6b.app */;
			productType = "com.apple.product-type.application";
		};
/* End PBXNativeTarget section */

/* Begin PBXProject section */
		A1D56BA31C984A92003E2966 /* Project object */ = {
			isa = PBXProject;
			attributes = {
				LastSwiftUpdateCheck = 0720;
				LastUpgradeCheck = 0720;
				ORGANIZATIONNAME = "Andy Rice";
				TargetAttributes = {
					A1D56BAA1C984A92003E2966 = {
						CreatedOnToolsVersion = 7.2.1;
					};
				};
			};
			buildConfigurationList = A1D56BA61C984A92003E2966 /* Build configuration list for PBXProject "day6b" */;
			compatibilityVersion = "Xcode 3.2";
			developmentRegion = English;
			hasScannedForEncodings = 0;
			knownRegions = (
				en,
				Base,
			);
			mainGroup = A1D56BA21C984A92003E2966;
			productRefGroup = A1D56BAC1C984A92003E2966 /* Products */;
			projectDirPath = "";
			projectRoot = "";
			targets = (
				A1D56BAA1C984A92003E2966 /* day6b */,
			);
		};
/* End PBXProject section */

/* Begin PBXResourcesBuildPhase section */
		A1D56BA91C984A92003E2966 /* Resources */ = {
			isa = PBXResourcesBuildPhase;
			buildActionMask = 2147483647;
			files = (
				A1D56BB91C984A92003E2966 /* LaunchScreen.storyboard in Resources */,
				A1D56BB61C984A92003E2966 /* Assets.xcassets in Resources */,
				A1D56BB41C984A92003E2966 /* Main.storyboard in Resources */,
			);
			runOnlyForDeploymentPostprocessing = 0;
		};
/* End PBXResourcesBuildPhase section */

/* Begin PBXSourcesBuildPhase section */
		A1D56BA71C984A92003E2966 /* Sources */ = {
			isa = PBXSourcesBuildPhase;
			buildActionMask = 2147483647;
			files = (
				A1D56BB11C984A92003E2966 /* ViewController.swift in Sources */,
				A1D56BAF1C984A92003E2966 /* AppDelegate.swift in Sources */,
			);
			runOnlyForDeploymentPostprocessing = 0;
		};
/* End PBXSourcesBuildPhase section */

/* Begin PBXVariantGroup section */
		A1D56BB21C984A92003E2966 /* Main.storyboard */ = {
			isa = PBXVariantGroup;
			children = (
				A1D56BB31C984A92003E2966 /* Base */,
			);
			name = Main.storyboard;
			sourceTree = "<group>";
		};
		A1D56BB71C984A92003E2966 /* LaunchScreen.storyboard */ = {
			isa = PBXVariantGroup;
			children = (
				A1D56BB81C984A92003E2966 /* Base */,
			);
			name = LaunchScreen.storyboard;
			sourceTree = "<group>";
		};
/* End PBXVariantGroup section */

/* Begin XCBuildConfiguration section */
		A1D56BBB1C984A92003E2966 /* Debug */ = {
			isa = XCBuildConfiguration;
			buildSettings = {
				ALWAYS_SEARCH_USER_PATHS = NO;
				CLANG_CXX_LANGUAGE_STANDARD = "gnu++0x";
				CLANG_CXX_LIBRARY = "libc++";
				CLANG_ENABLE_MODULES = YES;
				CLANG_ENABLE_OBJC_ARC = YES;
				CLANG_WARN_BOOL_CONVERSION = YES;
				CLANG_WARN_CONSTANT_CONVERSION = YES;
				CLANG_WARN_DIRECT_OBJC_ISA_USAGE = YES_ERROR;
				CLANG_WARN_EMPTY_BODY = YES;
				CLANG_WARN_ENUM_CONVERSION = YES;
				CLANG_WARN_INT_CONVERSION = YES;
				CLANG_WARN_OBJC_ROOT_CLASS = YES_ERROR;
				CLANG_WARN_UNREACHABLE_CODE = YES;
				CLANG_WARN__DUPLICATE_METHOD_MATCH = YES;
				"CODE_SIGN_IDENTITY[sdk=iphoneos*]" = "iPhone Developer";
				COPY_PHASE_STRIP = NO;
				DEBUG_INFORMATION_FORMAT = dwarf;
				ENABLE_STRICT_OBJC_MSGSEND = YES;
				ENABLE_TESTABILITY = YES;
				GCC_C_LANGUAGE_STANDARD = gnu99;
				GCC_DYNAMIC_NO_PIC = NO;
				GCC_NO_COMMON_BLOCKS = YES;
				GCC_OPTIMIZATION_LEVEL = 0;
				GCC_PREPROCESSOR_DEFINITIONS = (
					"DEBUG=1",
					"$(inherited)",
				);
				GCC_WARN_64_TO_32_BIT_CONVERSION = YES;
				GCC_WARN_ABOUT_RETURN_TYPE = YES_ERROR;
				GCC_WARN_UNDECLARED_SELECTOR = YES;
				GCC_WARN_UNINITIALIZED_AUTOS = YES_AGGRESSIVE;
				GCC_WARN_UNUSED_FUNCTION = YES;
				GCC_WARN_UNUSED_VARIABLE = YES;
				IPHONEOS_DEPLOYMENT_TARGET = 9.2;
				MTL_ENABLE_DEBUG_INFO = YES;
				ONLY_ACTIVE_ARCH = YES;
				SDKROOT = iphoneos;
				SWIFT_OPTIMIZATION_LEVEL = "-Onone";
			};
			name = Debug;
		};
		A1D56BBC1C984A92003E2966 /* Release */ = {
			isa = XCBuildConfiguration;
			buildSettings = {
				ALWAYS_SEARCH_USER_PATHS = NO;
				CLANG_CXX_LANGUAGE_STANDARD = "gnu++0x";
				CLANG_CXX_LIBRARY = "libc++";
				CLANG_ENABLE_MODULES = YES;
				CLANG_ENABLE_OBJC_ARC = YES;
				CLANG_WARN_BOOL_CONVERSION = YES;
				CLANG_WARN_CONSTANT_CONVERSION = YES;
				CLANG_WARN_DIRECT_OBJC_ISA_USAGE = YES_ERROR;
				CLANG_WARN_EMPTY_BODY = YES;
				CLANG_WARN_ENUM_CONVERSION = YES;
				CLANG_WARN_INT_CONVERSION = YES;
				CLANG_WARN_OBJC_ROOT_CLASS = YES_ERROR;
				CLANG_WARN_UNREACHABLE_CODE = YES;
				CLANG_WARN__DUPLICATE_METHOD_MATCH = YES;
				"CODE_SIGN_IDENTITY[sdk=iphoneos*]" = "iPhone Developer";
				COPY_PHASE_STRIP = NO;
				DEBUG_INFORMATION_FORMAT = "dwarf-with-dsym";
				ENABLE_NS_ASSERTIONS = NO;
				ENABLE_STRICT_OBJC_MSGSEND = YES;
				GCC_C_LANGUAGE_STANDARD = gnu99;
				GCC_NO_COMMON_BLOCKS = YES;
				GCC_WARN_64_TO_32_BIT_CONVERSION = YES;
				GCC_WARN_ABOUT_RETURN_TYPE = YES_ERROR;
				GCC_WARN_UNDECLARED_SELECTOR = YES;
				GCC_WARN_UNINITIALIZED_AUTOS = YES_AGGRESSIVE;
				GCC_WARN_UNUSED_FUNCTION = YES;
				GCC_WARN_UNUSED_VARIABLE = YES;
				IPHONEOS_DEPLOYMENT_TARGET = 9.2;
				MTL_ENABLE_DEBUG_INFO = NO;
				SDKROOT = iphoneos;
				VALIDATE_PRODUCT = YES;
			};
			name = Release;
		};
		A1D56BBE1C984A92003E2966 /* Debug */ = {
			isa = XCBuildConfiguration;
			buildSettings = {
				ASSETCATALOG_COMPILER_APPICON_NAME = AppIcon;
				INFOPLIST_FILE = day6b/Info.plist;
				LD_RUNPATH_SEARCH_PATHS = "$(inherited) @executable_path/Frameworks";
				PRODUCT_BUNDLE_IDENTIFIER = com.andydrice.day6b;
				PRODUCT_NAME = "$(TARGET_NAME)";
			};
			name = Debug;
		};
		A1D56BBF1C984A92003E2966 /* Release */ = {
			isa = XCBuildConfiguration;
			buildSettings = {
				ASSETCATALOG_COMPILER_APPICON_NAME = AppIcon;
				INFOPLIST_FILE = day6b/Info.plist;
				LD_RUNPATH_SEARCH_PATHS = "$(inherited) @executable_path/Frameworks";
				PRODUCT_BUNDLE_IDENTIFIER = com.andydrice.day6b;
				PRODUCT_NAME = "$(TARGET_NAME)";
			};
			name = Release;
		};
/* End XCBuildConfiguration section */

/* Begin XCConfigurationList section */
		A1D56BA61C984A92003E2966 /* Build configuration list for PBXProject "day6b" */ = {
			isa = XCConfigurationList;
			buildConfigurations = (
				A1D56BBB1C984A92003E2966 /* Debug */,
				A1D56BBC1C984A92003E2966 /* Release */,
			);
			defaultConfigurationIsVisible = 0;
			defaultConfigurationName = Release;
		};
		A1D56BBD1C984A92003E2966 /* Build configuration list for PBXNativeTarget "day6b" */ = {
			isa = XCConfigurationList;
			buildConfigurations = (
				A1D56BBE1C984A92003E2966 /* Debug */,
				A1D56BBF1C984A92003E2966 /* Release */,
			);
			defaultConfigurationIsVisible = 0;
		};
/* End XCConfigurationList section */
	};
	rootObject = A1D56BA31C984A92003E2966 /* Project object */;
}
